Microsoft Visual Studio Solution File, Format Version 12.00
# Visual Studio Version 17
VisualStudioVersion = 17.8.34330.188
MinimumVisualStudioVersion = 10.0.40219.1
Project("{9A19103F-16F7-4668-BE54-9A1E7A4F7556}") = "MotorControlHost", "software/MotorControlHost/MotorControlHost.csproj", "{15FD31EB-ECFF-4E54-ACA8-450C7413E053}"
EndProject
Global
    GlobalSection(SolutionConfigurationPlatforms) = preSolution
        Debug|Any CPU = Debug|Any CPU
        Release|Any CPU = Release|Any CPU
    EndGlobalSection
    GlobalSection(ProjectConfigurationPlatforms) = postSolution
        {15FD31EB-ECFF-4E54-ACA8-450C7413E053}.Debug|Any CPU.ActiveCfg = Debug|Any CPU
        {15FD31EB-ECFF-4E54-ACA8-450C7413E053}.Debug|Any CPU.Build.0 = Debug|Any CPU
        {15FD31EB-ECFF-4E54-ACA8-450C7413E053}.Release|Any CPU.ActiveCfg = Release|Any CPU
        {15FD31EB-ECFF-4E54-ACA8-450C7413E053}.Release|Any CPU.Build.0 = Release|Any CPU
    EndGlobalSection
    GlobalSection(SolutionProperties) = preSolution
        HideSolutionNode = FALSE
    EndGlobalSection
    GlobalSection(ExtensibilityGlobals) = postSolution
        SolutionGuid = {555CCD8E-A7F8-4374-BB05-19DD4FDCD675}
    EndGlobalSection
EndGlobal
